
Microsoft Visual Studio Solution File, Format Version 12.00
# Visual Studio 14
VisualStudioVersion = 14.0.24720.0
MinimumVisualStudioVersion = 10.0.40219.1
Project("{FAE04EC0-301F-11D3-BF4B-00C04F79EFBC}") = "CalenderDemo.Android", "CalenderDemo\CalenderDemo.Android\CalenderDemo.Android.csproj", "{F1BB7B6F-8745-49D1-A845-CC9976BEB46D}"
EndProject
Project("{FAE04EC0-301F-11D3-BF4B-00C04F79EFBC}") = "CalenderDemo", "CalenderDemo\CalenderDemo\CalenderDemo.csproj", "{030566D3-8F59-4773-A5AA-FA0410C9822D}"
EndProject
Project("{FAE04EC0-301F-11D3-BF4B-00C04F79EFBC}") = "CalenderDemo.iOS", "CalenderDemo\CalenderDemo.iOS\CalenderDemo.iOS.csproj", "{75EBA88A-DDEC-480D-8B7F-F59BD3CE08B6}"
EndProject
Global
	GlobalSection(SolutionConfigurationPlatforms) = preSolution
		Ad-Hoc|Any CPU = Ad-Hoc|Any CPU
		Ad-Hoc|iPhone = Ad-Hoc|iPhone
		Ad-Hoc|iPhoneSimulator = Ad-Hoc|iPhoneSimulator
		AppStore|Any CPU = AppStore|Any CPU
		AppStore|iPhone = AppStore|iPhone
		AppStore|iPhoneSimulator = AppStore|iPhoneSimulator
		Debug|Any CPU = Debug|Any CPU
		Debug|iPhone = Debug|iPhone
		Debug|iPhoneSimulator = Debug|iPhoneSimulator
		Release|Any CPU = Release|Any CPU
		Release|iPhone = Release|iPhone
		Release|iPhoneSimulator = Release|iPhoneSimulator
	EndGlobalSection
	GlobalSection(ProjectConfigurationPlatforms) = postSolution
		{F1BB7B6F-8745-49D1-A845-CC9976BEB46D}.Ad-Hoc|Any CPU.ActiveCfg = Release|Any CPU
		{F1BB7B6F-8745-49D1-A845-CC9976BEB46D}.Ad-Hoc|Any CPU.Build.0 = Release|Any CPU
		{F1BB7B6F-8745-49D1-A845-CC9976BEB46D}.Ad-Hoc|Any CPU.Deploy.0 = Release|Any CPU
		{F1BB7B6F-8745-49D1-A845-CC9976BEB46D}.Ad-Hoc|iPhone.ActiveCfg = Release|Any CPU
		{F1BB7B6F-8745-49D1-A845-CC9976BEB46D}.Ad-Hoc|iPhone.Build.0 = Release|Any CPU
		{F1BB7B6F-8745-49D1-A845-CC9976BEB46D}.Ad-Hoc|iPhone.Deploy.0 = Release|Any CPU
		{F1BB7B6F-8745-49D1-A845-CC9976BEB46D}.Ad-Hoc|iPhoneSimulator.ActiveCfg = Release|Any CPU
		{F1BB7B6F-8745-49D1-A845-CC9976BEB46D}.Ad-Hoc|iPhoneSimulator.Build.0 = Release|Any CPU
		{F1BB7B6F-8745-49D1-A845-CC9976BEB46D}.Ad-Hoc|iPhoneSimulator.Deploy.0 = Release|Any CPU
		{F1BB7B6F-8745-49D1-A845-CC9976BEB46D}.AppStore|Any CPU.ActiveCfg = Release|Any CPU
		{F1BB7B6F-8745-49D1-A845-CC9976BEB46D}.AppStore|Any CPU.Build.0 = Release|Any CPU
		{F1BB7B6F-8745-49D1-A845-CC9976BEB46D}.AppStore|Any CPU.Deploy.0 = Release|Any CPU
		{F1BB7B6F-8745-49D1-A845-CC9976BEB46D}.AppStore|iPhone.ActiveCfg = Release|Any CPU
		{F1BB7B6F-8745-49D1-A845-CC9976BEB46D}.AppStore|iPhone.Build.0 = Release|Any CPU
		{F1BB7B6F-8745-49D1-A845-CC9976BEB46D}.AppStore|iPhone.Deploy.0 = Release|Any CPU
		{F1BB7B6F-8745-49D1-A845-CC9976BEB46D}.AppStore|iPhoneSimulator.ActiveCfg = Release|Any CPU
		{F1BB7B6F-8745-49D1-A845-CC9976BEB46D}.AppStore|iPhoneSimulator.Build.0 = Release|Any CPU
		{F1BB7B6F-8745-49D1-A845-CC9976BEB46D}.AppStore|iPhoneSimulator.Deploy.0 = Release|Any CPU
		{F1BB7B6F-8745-49D1-A845-CC9976BEB46D}.Debug|Any CPU.ActiveCfg = Debug|Any CPU
		{F1BB7B6F-8745-49D1-A845-CC9976BEB46D}.Debug|Any CPU.Build.0 = Debug|Any CPU
		{F1BB7B6F-8745-49D1-A845-CC9976BEB46D}.Debug|Any CPU.Deploy.0 = Debug|Any CPU
		{F1BB7B6F-8745-49D1-A845-CC9976BEB46D}.Debug|iPhone.ActiveCfg = Debug|Any CPU
		{F1BB7B6F-8745-49D1-A845-CC9976BEB46D}.Debug|iPhone.Build.0 = Debug|Any CPU
		{F1BB7B6F-8745-49D1-A845-CC9976BEB46D}.Debug|iPhone.Deploy.0 = Debug|Any CPU
		{F1BB7B6F-8745-49D1-A845-CC9976BEB46D}.Debug|iPhoneSimulator.ActiveCfg = Debug|Any CPU
		{F1BB7B6F-8745-49D1-A845-CC9976BEB46D}.Debug|iPhoneSimulator.Build.0 = Debug|Any CPU
		{F1BB7B6F-8745-49D1-A845-CC9976BEB46D}.Debug|iPhoneSimulator.Deploy.0 = Debug|Any CPU
		{F1BB7B6F-8745-49D1-A845-CC9976BEB46D}.Release|Any CPU.ActiveCfg = Release|Any CPU
		{F1BB7B6F-8745-49D1-A845-CC9976BEB46D}.Release|Any CPU.Build.0 = Release|Any CPU
		{F1BB7B6F-8745-49D1-A845-CC9976BEB46D}.Release|Any CPU.Deploy.0 = Release|Any CPU
		{F1BB7B6F-8745-49D1-A845-CC9976BEB46D}.Release|iPhone.ActiveCfg = Release|Any CPU
		{F1BB7B6F-8745-49D1-A845-CC9976BEB46D}.Release|iPhone.Build.0 = Release|Any CPU
		{F1BB7B6F-8745-49D1-A845-CC9976BEB46D}.Release|iPhone.Deploy.0 = Release|Any CPU
		{F1BB7B6F-8745-49D1-A845-CC9976BEB46D}.Release|iPhoneSimulator.ActiveCfg = Release|Any CPU
		{F1BB7B6F-8745-49D1-A845-CC9976BEB46D}.Release|iPhoneSimulator.Build.0 = Release|Any CPU
		{F1BB7B6F-8745-49D1-A845-CC9976BEB46D}.Release|iPhoneSimulator.Deploy.0 = Release|Any CPU
		{030566D3-8F59-4773-A5AA-FA0410C9822D}.Ad-Hoc|Any CPU.ActiveCfg = Release|Any CPU
		{030566D3-8F59-4773-A5AA-FA0410C9822D}.Ad-Hoc|Any CPU.Build.0 = Release|Any CPU
		{030566D3-8F59-4773-A5AA-FA0410C9822D}.Ad-Hoc|iPhone.ActiveCfg = Release|Any CPU
		{030566D3-8F59-4773-A5AA-FA0410C9822D}.Ad-Hoc|iPhone.Build.0 = Release|Any CPU
		{030566D3-8F59-4773-A5AA-FA0410C9822D}.Ad-Hoc|iPhoneSimulator.ActiveCfg = Release|Any CPU
		{030566D3-8F59-4773-A5AA-FA0410C9822D}.Ad-Hoc|iPhoneSimulator.Build.0 = Release|Any CPU
		{030566D3-8F59-4773-A5AA-FA0410C9822D}.AppStore|Any CPU.ActiveCfg = Release|Any CPU
		{030566D3-8F59-4773-A5AA-FA0410C9822D}.AppStore|Any CPU.Build.0 = Release|Any CPU
		{030566D3-8F59-4773-A5AA-FA0410C9822D}.AppStore|iPhone.ActiveCfg = Release|Any CPU
		{030566D3-8F59-4773-A5AA-FA0410C9822D}.AppStore|iPhone.Build.0 = Release|Any CPU
		{030566D3-8F59-4773-A5AA-FA0410C9822D}.AppStore|iPhoneSimulator.ActiveCfg = Release|Any CPU
		{030566D3-8F59-4773-A5AA-FA0410C9822D}.AppStore|iPhoneSimulator.Build.0 = Release|Any CPU
		{030566D3-8F59-4773-A5AA-FA0410C9822D}.Debug|Any CPU.ActiveCfg = Debug|Any CPU
		{030566D3-8F59-4773-A5AA-FA0410C9822D}.Debug|Any CPU.Build.0 = Debug|Any CPU
		{030566D3-8F59-4773-A5AA-FA0410C9822D}.Debug|iPhone.ActiveCfg = Debug|Any CPU
		{030566D3-8F59-4773-A5AA-FA0410C9822D}.Debug|iPhone.Build.0 = Debug|Any CPU
		{030566D3-8F59-4773-A5AA-FA0410C9822D}.Debug|iPhoneSimulator.ActiveCfg = Debug|Any CPU
		{030566D3-8F59-4773-A5AA-FA0410C9822D}.Debug|iPhoneSimulator.Build.0 = Debug|Any CPU
		{030566D3-8F59-4773-A5AA-FA0410C9822D}.Release|Any CPU.ActiveCfg = Release|Any CPU
		{030566D3-8F59-4773-A5AA-FA0410C9822D}.Release|Any CPU.Build.0 = Release|Any CPU
		{030566D3-8F59-4773-A5AA-FA0410C9822D}.Release|iPhone.ActiveCfg = Release|Any CPU
		{030566D3-8F59-4773-A5AA-FA0410C9822D}.Release|iPhone.Build.0 = Release|Any CPU
		{030566D3-8F59-4773-A5AA-FA0410C9822D}.Release|iPhoneSimulator.ActiveCfg = Release|Any CPU
		{030566D3-8F59-4773-A5AA-FA0410C9822D}.Release|iPhoneSimulator.Build.0 = Release|Any CPU
		{75EBA88A-DDEC-480D-8B7F-F59BD3CE08B6}.Ad-Hoc|Any CPU.ActiveCfg = Ad-Hoc|iPhone
		{75EBA88A-DDEC-480D-8B7F-F59BD3CE08B6}.Ad-Hoc|iPhone.ActiveCfg = Ad-Hoc|iPhone
		{75EBA88A-DDEC-480D-8B7F-F59BD3CE08B6}.Ad-Hoc|iPhone.Build.0 = Ad-Hoc|iPhone
		{75EBA88A-DDEC-480D-8B7F-F59BD3CE08B6}.Ad-Hoc|iPhoneSimulator.ActiveCfg = Ad-Hoc|iPhoneSimulator
		{75EBA88A-DDEC-480D-8B7F-F59BD3CE08B6}.Ad-Hoc|iPhoneSimulator.Build.0 = Ad-Hoc|iPhoneSimulator
		{75EBA88A-DDEC-480D-8B7F-F59BD3CE08B6}.AppStore|Any CPU.ActiveCfg = AppStore|iPhone
		{75EBA88A-DDEC-480D-8B7F-F59BD3CE08B6}.AppStore|iPhone.ActiveCfg = AppStore|iPhone
		{75EBA88A-DDEC-480D-8B7F-F59BD3CE08B6}.AppStore|iPhone.Build.0 = AppStore|iPhone
		{75EBA88A-DDEC-480D-8B7F-F59BD3CE08B6}.AppStore|iPhoneSimulator.ActiveCfg = AppStore|iPhoneSimulator
		{75EBA88A-DDEC-480D-8B7F-F59BD3CE08B6}.AppStore|iPhoneSimulator.Build.0 = AppStore|iPhoneSimulator
		{75EBA88A-DDEC-480D-8B7F-F59BD3CE08B6}.Debug|Any CPU.ActiveCfg = Debug|iPhone
		{75EBA88A-DDEC-480D-8B7F-F59BD3CE08B6}.Debug|iPhone.ActiveCfg = Debug|iPhone
		{75EBA88A-DDEC-480D-8B7F-F59BD3CE08B6}.Debug|iPhone.Build.0 = Debug|iPhone
		{75EBA88A-DDEC-480D-8B7F-F59BD3CE08B6}.Debug|iPhoneSimulator.ActiveCfg = Debug|iPhoneSimulator
		{75EBA88A-DDEC-480D-8B7F-F59BD3CE08B6}.Debug|iPhoneSimulator.Build.0 = Debug|iPhoneSimulator
		{75EBA88A-DDEC-480D-8B7F-F59BD3CE08B6}.Release|Any CPU.ActiveCfg = Release|iPhone
		{75EBA88A-DDEC-480D-8B7F-F59BD3CE08B6}.Release|iPhone.ActiveCfg = Release|iPhone
		{75EBA88A-DDEC-480D-8B7F-F59BD3CE08B6}.Release|iPhone.Build.0 = Release|iPhone
		{75EBA88A-DDEC-480D-8B7F-F59BD3CE08B6}.Release|iPhoneSimulator.ActiveCfg = Release|iPhoneSimulator
		{75EBA88A-DDEC-480D-8B7F-F59BD3CE08B6}.Release|iPhoneSimulator.Build.0 = Release|iPhoneSimulator
	EndGlobalSection
	GlobalSection(SolutionProperties) = preSolution
		HideSolutionNode = FALSE
	EndGlobalSection
EndGlobal
